<?xml version="1.0" encoding="utf-8"?>
<Project ToolsVersion="4.0" xmlns="http://schemas.microsoft.com/developer/msbuild/2003">
  <ItemGroup>
    <Filter Include="gcmon">
      <UniqueIdentifier>{1ed127f0-119e-43c9-b22f-5326a7770780}</UniqueIdentifier>
    </Filter>
    <Filter Include="rbtree">
      <UniqueIdentifier>{098e0e52-4eca-45b9-8681-60b83a1b9847}</UniqueIdentifier>
    </Filter>
    <Filter Include="share">
      <UniqueIdentifier>{646960a7-dcfc-4b19-ae0f-db02111aa996}</UniqueIdentifier>
    </Filter>
    <Filter Include="perf">
      <UniqueIdentifier>{cc4e51c7-9314-4128-b9b9-e9851cd0fd07}</UniqueIdentifier>
    </Filter>
    <Filter Include="list">
      <UniqueIdentifier>{0b4290b4-96bc-4276-9592-d083497f7546}</UniqueIdentifier>
    </Filter>
    <Filter Include="os">
      <UniqueIdentifier>{c3188db9-ccac-463b-b6ec-5513b51ba090}</UniqueIdentifier>
    </Filter>
    <Filter Include="sample">
      <UniqueIdentifier>{456f0e63-1a62-437e-ab45-92227348b51c}</UniqueIdentifier>
    </Filter>
    <Filter Include="args">
      <UniqueIdentifier>{e2db9c5a-52aa-428d-9686-34d824302189}</UniqueIdentifier>
    </Filter>
    <Filter Include="ana">
      <UniqueIdentifier>{4b2d4461-3fa4-4ddd-90fa-96addd3e747f}</UniqueIdentifier>
    </Filter>
  </ItemGroup>
  <ItemGroup>
    <ClCompile Include="src\gcmon\gcmon.c">
      <Filter>gcmon</Filter>
    </ClCompile>
    <ClCompile Include="src\perf\perf.c">
      <Filter>perf</Filter>
    </ClCompile>
    <ClCompile Include="src\rbtree\rbtree.c">
      <Filter>rbtree</Filter>
    </ClCompile>
    <ClCompile Include="src\share\share.c">
      <Filter>share</Filter>
    </ClCompile>
    <ClCompile Include="src\list\list.c">
      <Filter>list</Filter>
    </ClCompile>
    <ClCompile Include="src\sample\sample.c">
      <Filter>sample</Filter>
    </ClCompile>
    <ClCompile Include="src\args\args.c">
      <Filter>args</Filter>
    </ClCompile>
    <ClCompile Include="src\ana\ana.c">
      <Filter>ana</Filter>
    </ClCompile>
    <ClCompile Include="src\os\os.c">
      <Filter>os</Filter>
    </ClCompile>
  </ItemGroup>
  <ItemGroup>
    <ClInclude Include="include\rbtree\rbtree.h">
      <Filter>rbtree</Filter>
    </ClInclude>
    <ClInclude Include="include\share\share.h">
      <Filter>share</Filter>
    </ClInclude>
    <ClInclude Include="include\perf\perf.h">
      <Filter>perf</Filter>
    </ClInclude>
    <ClInclude Include="include\list\list.h">
      <Filter>list</Filter>
    </ClInclude>
    <ClInclude Include="include\sample\sample.h">
      <Filter>sample</Filter>
    </ClInclude>
    <ClInclude Include="include\os\type.h">
      <Filter>os</Filter>
    </ClInclude>
    <ClInclude Include="include\args\args.h">
      <Filter>args</Filter>
    </ClInclude>
    <ClInclude Include="include\gcmon\gcmon.h">
      <Filter>gcmon</Filter>
    </ClInclude>
    <ClInclude Include="include\ana\ana.h">
      <Filter>ana</Filter>
    </ClInclude>
    <ClInclude Include="include\os\os.h">
      <Filter>os</Filter>
    </ClInclude>
  </ItemGroup>
</Project>